
Microsoft Visual Studio Solution File, Format Version 12.00
# Visual Studio Version 17
VisualStudioVersion = 17.3.32929.385
MinimumVisualStudioVersion = 10.0.40219.1
Project("{FAE04EC0-301F-11D3-BF4B-00C04F79EFBC}") = "EmployeePayrollAdo", "EmployeePayrollAdo.csproj", "{A944960F-E903-4CD9-AA45-6B1D4A73BA16}"
EndProject
Global
	GlobalSection(SolutionConfigurationPlatforms) = preSolution
		Debug|Any CPU = Debug|Any CPU
		Release|Any CPU = Release|Any CPU
	EndGlobalSection
	GlobalSection(ProjectConfigurationPlatforms) = postSolution
		{A944960F-E903-4CD9-AA45-6B1D4A73BA16}.Debug|Any CPU.ActiveCfg = Debug|Any CPU
		{A944960F-E903-4CD9-AA45-6B1D4A73BA16}.Debug|Any CPU.Build.0 = Debug|Any CPU
		{A944960F-E903-4CD9-AA45-6B1D4A73BA16}.Release|Any CPU.ActiveCfg = Release|Any CPU
		{A944960F-E903-4CD9-AA45-6B1D4A73BA16}.Release|Any CPU.Build.0 = Release|Any CPU
	EndGlobalSection
	GlobalSection(SolutionProperties) = preSolution
		HideSolutionNode = FALSE
	EndGlobalSection
	GlobalSection(ExtensibilityGlobals) = postSolution
		SolutionGuid = {721F21F6-52CB-44C1-AEDA-D124573B9870}
	EndGlobalSection
EndGlobal
